
Microsoft Visual Studio Solution File, Format Version 12.00
# Visual Studio Version 16
VisualStudioVersion = 16.0.31613.86
MinimumVisualStudioVersion = 10.0.40219.1
Project("{FAE04EC0-301F-11D3-BF4B-00C04F79EFBC}") = "ByteBank.SistemaAgencia", "ByteBank.SistemaAgencia\ByteBank.SistemaAgencia.csproj", "{82FC6A31-8800-4E2A-A1B7-4EDA6FC9B122}"
EndProject
Project("{FAE04EC0-301F-11D3-BF4B-00C04F79EFBC}") = "ByteBank.Modelos", "ByteBank.Modelos\ByteBank.Modelos.csproj", "{AB5E52D9-100A-439B-8E41-26EEC458136C}"
EndProject
Global
	GlobalSection(SolutionConfigurationPlatforms) = preSolution
		Debug|Any CPU = Debug|Any CPU
		Release|Any CPU = Release|Any CPU
	EndGlobalSection
	GlobalSection(ProjectConfigurationPlatforms) = postSolution
		{82FC6A31-8800-4E2A-A1B7-4EDA6FC9B122}.Debug|Any CPU.ActiveCfg = Debug|Any CPU
		{82FC6A31-8800-4E2A-A1B7-4EDA6FC9B122}.Debug|Any CPU.Build.0 = Debug|Any CPU
		{82FC6A31-8800-4E2A-A1B7-4EDA6FC9B122}.Release|Any CPU.ActiveCfg = Release|Any CPU
		{82FC6A31-8800-4E2A-A1B7-4EDA6FC9B122}.Release|Any CPU.Build.0 = Release|Any CPU
		{AB5E52D9-100A-439B-8E41-26EEC458136C}.Debug|Any CPU.ActiveCfg = Debug|Any CPU
		{AB5E52D9-100A-439B-8E41-26EEC458136C}.Debug|Any CPU.Build.0 = Debug|Any CPU
		{AB5E52D9-100A-439B-8E41-26EEC458136C}.Release|Any CPU.ActiveCfg = Release|Any CPU
		{AB5E52D9-100A-439B-8E41-26EEC458136C}.Release|Any CPU.Build.0 = Release|Any CPU
	EndGlobalSection
	GlobalSection(SolutionProperties) = preSolution
		HideSolutionNode = FALSE
	EndGlobalSection
	GlobalSection(ExtensibilityGlobals) = postSolution
		SolutionGuid = {5B8111AA-4B1C-4834-9A8F-33800CD59E32}
	EndGlobalSection
EndGlobal
